{
  "name": "nano-bench",
  "version": "1.0.0",
  "lockfileVersion": 2,
  "requires": true,
  "packages": {
    "": {
      "name": "nano-bench",
      "version": "1.0.0",
      "license": "BSD-3-Clause",
      "dependencies": {
        "console-toolkit": "^1.0.0"
      },
      "devDependencies": {
        "tape-six": "^0.9.3"
      }
    },
    "node_modules/console-toolkit": {
      "version": "1.0.0",
      "resolved": "https://registry.npmjs.org/console-toolkit/-/console-toolkit-1.0.0.tgz",
      "integrity": "sha512-X29IVgTPt5H9LSpHzZQTAHsI9B4lGZj92TLSczuKH910mEJVJHTjm6tqmNVyg9yxZJIWeTYggFVV5L3894HQTQ==",
      "license": "BSD-3-Clause"
    },
    "node_modules/tape-six": {
      "version": "0.9.3",
      "resolved": "https://registry.npmjs.org/tape-six/-/tape-six-0.9.3.tgz",
      "integrity": "sha512-9BtPDuaJROUG4niXzXjxd4WBQoRgUajHMyBJpe1iozaHiDue7Cs0d34yGmUJxMh6cdCEaTRILImWuJhGjkCuHw==",
      "dev": true,
      "bin": {
        "tape6": "bin/tape6.js",
        "tape6-server": "bin/tape6-server.js"
      }
    }
  },
  "dependencies": {
    "console-toolkit": {
      "version": "1.0.0",
      "resolved": "https://registry.npmjs.org/console-toolkit/-/console-toolkit-1.0.0.tgz",
      "integrity": "sha512-X29IVgTPt5H9LSpHzZQTAHsI9B4lGZj92TLSczuKH910mEJVJHTjm6tqmNVyg9yxZJIWeTYggFVV5L3894HQTQ=="
    },
    "tape-six": {
      "version": "0.9.3",
      "resolved": "https://registry.npmjs.org/tape-six/-/tape-six-0.9.3.tgz",
      "integrity": "sha512-9BtPDuaJROUG4niXzXjxd4WBQoRgUajHMyBJpe1iozaHiDue7Cs0d34yGmUJxMh6cdCEaTRILImWuJhGjkCuHw==",
      "dev": true
    }
  }
}
