{
  "name": "nano-benchmark",
  "version": "1.0.4",
  "lockfileVersion": 3,
  "requires": true,
  "packages": {
    "": {
      "name": "nano-benchmark",
      "version": "1.0.4",
      "license": "BSD-3-Clause",
      "dependencies": {
        "commander": "^14.0.2",
        "console-toolkit": "^1.2.4"
      },
      "bin": {
        "nano-bench": "bin/nano-bench.js",
        "nano-watch": "bin/nano-watch.js"
      },
      "devDependencies": {
        "tape-six": "^1.4.1",
        "tape-six-proc": "^1.1.2"
      },
      "funding": {
        "type": "github",
        "url": "https://github.com/sponsors/uhop"
      }
    },
    "node_modules/commander": {
      "version": "14.0.2",
      "resolved": "https://registry.npmjs.org/commander/-/commander-14.0.2.tgz",
      "integrity": "sha512-TywoWNNRbhoD0BXs1P3ZEScW8W5iKrnbithIl0YH+uCmBd0QpPOA8yc82DS3BIE5Ma6FnBVUsJ7wVUDz4dvOWQ==",
      "license": "MIT",
      "engines": {
        "node": ">=20"
      }
    },
    "node_modules/console-toolkit": {
      "version": "1.2.4",
      "resolved": "https://registry.npmjs.org/console-toolkit/-/console-toolkit-1.2.4.tgz",
      "integrity": "sha512-G2fYA5zoybs0zr0yFxuFmj3lPtJX0xVCNzFkcaUNtgzuBU8cXhiuwj3GjTrnXUXvQCSaDnIdZfkalfdzNgu5iA==",
      "license": "BSD-3-Clause",
      "funding": {
        "type": "github",
        "url": "https://github.com/sponsors/uhop"
      }
    },
    "node_modules/dollar-shell": {
      "version": "1.1.0",
      "resolved": "https://registry.npmjs.org/dollar-shell/-/dollar-shell-1.1.0.tgz",
      "integrity": "sha512-cCXCWPORpf4HsIy81KtwamKk8kZJONB6WRBSrRVaMKJnxqCABpuvopYlUN/VMIsX90u4IQuEZ3uvk0AA5aik7g==",
      "dev": true,
      "license": "BSD-3-Clause",
      "funding": {
        "type": "github",
        "url": "https://github.com/sponsors/uhop"
      }
    },
    "node_modules/tape-six": {
      "version": "1.4.1",
      "resolved": "https://registry.npmjs.org/tape-six/-/tape-six-1.4.1.tgz",
      "integrity": "sha512-HA8uyKAxLOizCR6QSba1j3adFBmhOW6xvmB7d6HYOnAd7M6IyNjTyWEqxM5ZEgdD7/s0/t55P+xQaQshbS55Gw==",
      "dev": true,
      "license": "BSD-3-Clause",
      "bin": {
        "tape6": "bin/tape6.js",
        "tape6-bun": "bin/tape6-bun.js",
        "tape6-deno": "bin/tape6-deno.js",
        "tape6-runner": "bin/tape6-runner.js",
        "tape6-server": "bin/tape6-server.js"
      },
      "funding": {
        "url": "https://github.com/sponsors/uhop"
      }
    },
    "node_modules/tape-six-proc": {
      "version": "1.1.2",
      "resolved": "https://registry.npmjs.org/tape-six-proc/-/tape-six-proc-1.1.2.tgz",
      "integrity": "sha512-b5qaQbYM+7FQRDKQMzZ9IivCOM1fxbMg9fuOvbObuXh72CbboPLldQHiwD5LxAzmwhbLVhSRM7nW54Dfw9XbnA==",
      "dev": true,
      "license": "BSD-3-Clause",
      "dependencies": {
        "dollar-shell": "^1.1.0",
        "tape-six": "^1.4.1"
      },
      "bin": {
        "tape6-proc": "bin/tape6-proc.js"
      },
      "funding": {
        "url": "https://github.com/sponsors/uhop"
      }
    }
  }
}
