{
  "name": "nano-benchmark",
  "version": "1.0.6",
  "lockfileVersion": 3,
  "requires": true,
  "packages": {
    "": {
      "name": "nano-benchmark",
      "version": "1.0.6",
      "license": "BSD-3-Clause",
      "dependencies": {
        "commander": "^14.0.2",
        "console-toolkit": "^1.2.6"
      },
      "bin": {
        "nano-bench": "bin/nano-bench.js",
        "nano-watch": "bin/nano-watch.js"
      },
      "devDependencies": {
        "tape-six": "^1.4.4",
        "tape-six-proc": "^1.1.5"
      },
      "funding": {
        "type": "github",
        "url": "https://github.com/sponsors/uhop"
      }
    },
    "node_modules/commander": {
      "version": "14.0.2",
      "resolved": "https://registry.npmjs.org/commander/-/commander-14.0.2.tgz",
      "integrity": "sha512-TywoWNNRbhoD0BXs1P3ZEScW8W5iKrnbithIl0YH+uCmBd0QpPOA8yc82DS3BIE5Ma6FnBVUsJ7wVUDz4dvOWQ==",
      "license": "MIT",
      "engines": {
        "node": ">=20"
      }
    },
    "node_modules/console-toolkit": {
      "version": "1.2.6",
      "resolved": "https://registry.npmjs.org/console-toolkit/-/console-toolkit-1.2.6.tgz",
      "integrity": "sha512-DS5On91nRpY58GrpalbVtK62QhWPH/j/JcI/j3IyxrbAorspiYqUEaDwOujlB78wOKiGb3itOEND5A07LNbMnA==",
      "license": "BSD-3-Clause",
      "funding": {
        "type": "github",
        "url": "https://github.com/sponsors/uhop"
      }
    },
    "node_modules/dollar-shell": {
      "version": "1.1.4",
      "resolved": "https://registry.npmjs.org/dollar-shell/-/dollar-shell-1.1.4.tgz",
      "integrity": "sha512-Z6Nfzvszn7YN1xx08e//6bWQ2jw2Dy2rRuh06GxYK7VDtid3DqlQ6HDHLJ5kvLce18RQAHHoGAygJeBThvpbqw==",
      "dev": true,
      "license": "BSD-3-Clause",
      "funding": {
        "type": "github",
        "url": "https://github.com/sponsors/uhop"
      }
    },
    "node_modules/tape-six": {
      "version": "1.4.4",
      "resolved": "https://registry.npmjs.org/tape-six/-/tape-six-1.4.4.tgz",
      "integrity": "sha512-c8zwqBpSTlbenp0j1CQVdT3LuQxfpU/9aIEMXSPzunoS6OTvurLxzwX5cDlfct05xtf+RJJ++WmqazGRG+ETzg==",
      "dev": true,
      "license": "BSD-3-Clause",
      "bin": {
        "tape6": "bin/tape6.js",
        "tape6-bun": "bin/tape6-bun.js",
        "tape6-deno": "bin/tape6-deno.js",
        "tape6-runner": "bin/tape6-runner.js",
        "tape6-server": "bin/tape6-server.js"
      },
      "funding": {
        "url": "https://github.com/sponsors/uhop"
      }
    },
    "node_modules/tape-six-proc": {
      "version": "1.1.5",
      "resolved": "https://registry.npmjs.org/tape-six-proc/-/tape-six-proc-1.1.5.tgz",
      "integrity": "sha512-UoR4dC5/MmOpnQYwXel7zUlbFad42cFZXCo4ZCddUro4YdlEUKEl4ECAw7FUA9V+TNT/qKIx+3osZDd9zZjvhA==",
      "dev": true,
      "license": "BSD-3-Clause",
      "dependencies": {
        "dollar-shell": "^1.1.4",
        "tape-six": "^1.4.4"
      },
      "bin": {
        "tape6-proc": "bin/tape6-proc.js"
      },
      "funding": {
        "url": "https://github.com/sponsors/uhop"
      }
    }
  }
}
